// !$*UTF8*$!
{
	archiveVersion = 1;
	classes = {
	};
	objectVersion = 55;
	objects = {

/* Begin PBXBuildFile section */
		A6B87281285F719F0065BC48 /* AppDelegate.swift in Sources */ = {isa = PBXBuildFile; fileRef = A6B87280285F719F0065BC48 /* AppDelegate.swift */; };
		A6B87283285F719F0065BC48 /* SceneDelegate.swift in Sources */ = {isa = PBXBuildFile; fileRef = A6B87282285F719F0065BC48 /* SceneDelegate.swift */; };
		A6B87288285F719F0065BC48 /* Main.storyboard in Resources */ = {isa = PBXBuildFile; fileRef = A6B87286285F719F0065BC48 /* Main.storyboard */; };
		A6B8728B285F719F0065BC48 /* The_Sports_App.xcdatamodeld in Sources */ = {isa = PBXBuildFile; fileRef = A6B87289285F719F0065BC48 /* The_Sports_App.xcdatamodeld */; };
		A6B8728D285F71A00065BC48 /* Assets.xcassets in Resources */ = {isa = PBXBuildFile; fileRef = A6B8728C285F71A00065BC48 /* Assets.xcassets */; };
		A6B87290285F71A00065BC48 /* LaunchScreen.storyboard in Resources */ = {isa = PBXBuildFile; fileRef = A6B8728E285F71A00065BC48 /* LaunchScreen.storyboard */; };
		A6B8729A285F7E8E0065BC48 /* SportsViewController.swift in Sources */ = {isa = PBXBuildFile; fileRef = A6B87299285F7E8E0065BC48 /* SportsViewController.swift */; };
		A6B8729D285F80F00065BC48 /* CollectionViewCell.swift in Sources */ = {isa = PBXBuildFile; fileRef = A6B8729B285F80F00065BC48 /* CollectionViewCell.swift */; };
		A6B8729E285F80F00065BC48 /* CollectionViewCell.xib in Resources */ = {isa = PBXBuildFile; fileRef = A6B8729C285F80F00065BC48 /* CollectionViewCell.xib */; };
		A6CDBA712860EDA0007E4FB6 /* LeaguesViewController.swift in Sources */ = {isa = PBXBuildFile; fileRef = A6CDBA702860EDA0007E4FB6 /* LeaguesViewController.swift */; };
		A6CDBA732860EDAD007E4FB6 /* Leagues.storyboard in Resources */ = {isa = PBXBuildFile; fileRef = A6CDBA722860EDAD007E4FB6 /* Leagues.storyboard */; };
		A6CDBA762860EE9F007E4FB6 /* LeaguesTableViewCell.swift in Sources */ = {isa = PBXBuildFile; fileRef = A6CDBA742860EE9F007E4FB6 /* LeaguesTableViewCell.swift */; };
		A6CDBA772860EE9F007E4FB6 /* LeaguesTableViewCell.xib in Resources */ = {isa = PBXBuildFile; fileRef = A6CDBA752860EE9F007E4FB6 /* LeaguesTableViewCell.xib */; };
		A6CDBA792860F1B4007E4FB6 /* Image+Ext.swift in Sources */ = {isa = PBXBuildFile; fileRef = A6CDBA782860F1B4007E4FB6 /* Image+Ext.swift */; };
		A6CDBA7B2860F76B007E4FB6 /* LeaguesModel.swift in Sources */ = {isa = PBXBuildFile; fileRef = A6CDBA7A2860F76B007E4FB6 /* LeaguesModel.swift */; };
		A6CDBA7D2860F77F007E4FB6 /* LeaguesViewModel.swift in Sources */ = {isa = PBXBuildFile; fileRef = A6CDBA7C2860F77F007E4FB6 /* LeaguesViewModel.swift */; };
		A6CDBA8228620A95007E4FB6 /* LeagueDetails.storyboard in Resources */ = {isa = PBXBuildFile; fileRef = A6CDBA8128620A95007E4FB6 /* LeagueDetails.storyboard */; };
		A6CDBA8628620C43007E4FB6 /* LeagueDetailsViewModel.swift in Sources */ = {isa = PBXBuildFile; fileRef = A6CDBA8528620C43007E4FB6 /* LeagueDetailsViewModel.swift */; };
		A6CDBA8828620C6E007E4FB6 /* LeagueDetailsViewController.swift in Sources */ = {isa = PBXBuildFile; fileRef = A6CDBA8728620C6E007E4FB6 /* LeagueDetailsViewController.swift */; };
		A6F4384B285F91380064E052 /* NetworkingManager.swift in Sources */ = {isa = PBXBuildFile; fileRef = A6F4384A285F91380064E052 /* NetworkingManager.swift */; };
		A6F4384F285F927C0064E052 /* SportsModel.swift in Sources */ = {isa = PBXBuildFile; fileRef = A6F4384E285F927C0064E052 /* SportsModel.swift */; };
		A6F43852285F992E0064E052 /* ApiService.swift in Sources */ = {isa = PBXBuildFile; fileRef = A6F43851285F992E0064E052 /* ApiService.swift */; };
		A6F43854285F99420064E052 /* Urls.swift in Sources */ = {isa = PBXBuildFile; fileRef = A6F43853285F99420064E052 /* Urls.swift */; };
		A6F43857285F9E730064E052 /* JsonDecoder.swift in Sources */ = {isa = PBXBuildFile; fileRef = A6F43856285F9E730064E052 /* JsonDecoder.swift */; };
		A6F43862286081400064E052 /* SportsViewModel.swift in Sources */ = {isa = PBXBuildFile; fileRef = A6F43861286081400064E052 /* SportsViewModel.swift */; };
/* End PBXBuildFile section */

/* Begin PBXFileReference section */
		A6B8727D285F719F0065BC48 /* The Sports App.app */ = {isa = PBXFileReference; explicitFileType = wrapper.application; includeInIndex = 0; path = "The Sports App.app"; sourceTree = BUILT_PRODUCTS_DIR; };
		A6B87280285F719F0065BC48 /* AppDelegate.swift */ = {isa = PBXFileReference; lastKnownFileType = sourcecode.swift; path = AppDelegate.swift; sourceTree = "<group>"; };
		A6B87282285F719F0065BC48 /* SceneDelegate.swift */ = {isa = PBXFileReference; lastKnownFileType = sourcecode.swift; path = SceneDelegate.swift; sourceTree = "<group>"; };
		A6B87287285F719F0065BC48 /* Base */ = {isa = PBXFileReference; lastKnownFileType = file.storyboard; name = Base; path = Base.lproj/Main.storyboard; sourceTree = "<group>"; };
		A6B8728A285F719F0065BC48 /* The_Sports_App.xcdatamodel */ = {isa = PBXFileReference; lastKnownFileType = wrapper.xcdatamodel; path = The_Sports_App.xcdatamodel; sourceTree = "<group>"; };
		A6B8728C285F71A00065BC48 /* Assets.xcassets */ = {isa = PBXFileReference; lastKnownFileType = folder.assetcatalog; path = Assets.xcassets; sourceTree = "<group>"; };
		A6B8728F285F71A00065BC48 /* Base */ = {isa = PBXFileReference; lastKnownFileType = file.storyboard; name = Base; path = Base.lproj/LaunchScreen.storyboard; sourceTree = "<group>"; };
		A6B87291285F71A00065BC48 /* Info.plist */ = {isa = PBXFileReference; lastKnownFileType = text.plist.xml; path = Info.plist; sourceTree = "<group>"; };
		A6B87299285F7E8E0065BC48 /* SportsViewController.swift */ = {isa = PBXFileReference; lastKnownFileType = sourcecode.swift; path = SportsViewController.swift; sourceTree = "<group>"; };
		A6B8729B285F80F00065BC48 /* CollectionViewCell.swift */ = {isa = PBXFileReference; lastKnownFileType = sourcecode.swift; path = CollectionViewCell.swift; sourceTree = "<group>"; };
		A6B8729C285F80F00065BC48 /* CollectionViewCell.xib */ = {isa = PBXFileReference; lastKnownFileType = file.xib; path = CollectionViewCell.xib; sourceTree = "<group>"; };
		A6CDBA702860EDA0007E4FB6 /* LeaguesViewController.swift */ = {isa = PBXFileReference; lastKnownFileType = sourcecode.swift; path = LeaguesViewController.swift; sourceTree = "<group>"; };
		A6CDBA722860EDAD007E4FB6 /* Leagues.storyboard */ = {isa = PBXFileReference; lastKnownFileType = file.storyboard; path = Leagues.storyboard; sourceTree = "<group>"; };
		A6CDBA742860EE9F007E4FB6 /* LeaguesTableViewCell.swift */ = {isa = PBXFileReference; lastKnownFileType = sourcecode.swift; path = LeaguesTableViewCell.swift; sourceTree = "<group>"; };
		A6CDBA752860EE9F007E4FB6 /* LeaguesTableViewCell.xib */ = {isa = PBXFileReference; lastKnownFileType = file.xib; path = LeaguesTableViewCell.xib; sourceTree = "<group>"; };
		A6CDBA782860F1B4007E4FB6 /* Image+Ext.swift */ = {isa = PBXFileReference; lastKnownFileType = sourcecode.swift; path = "Image+Ext.swift"; sourceTree = "<group>"; };
		A6CDBA7A2860F76B007E4FB6 /* LeaguesModel.swift */ = {isa = PBXFileReference; lastKnownFileType = sourcecode.swift; path = LeaguesModel.swift; sourceTree = "<group>"; };
		A6CDBA7C2860F77F007E4FB6 /* LeaguesViewModel.swift */ = {isa = PBXFileReference; lastKnownFileType = sourcecode.swift; path = LeaguesViewModel.swift; sourceTree = "<group>"; };
		A6CDBA8128620A95007E4FB6 /* LeagueDetails.storyboard */ = {isa = PBXFileReference; lastKnownFileType = file.storyboard; path = LeagueDetails.storyboard; sourceTree = "<group>"; };
		A6CDBA8528620C43007E4FB6 /* LeagueDetailsViewModel.swift */ = {isa = PBXFileReference; lastKnownFileType = sourcecode.swift; path = LeagueDetailsViewModel.swift; sourceTree = "<group>"; };
		A6CDBA8728620C6E007E4FB6 /* LeagueDetailsViewController.swift */ = {isa = PBXFileReference; lastKnownFileType = sourcecode.swift; path = LeagueDetailsViewController.swift; sourceTree = "<group>"; };
		A6F4384A285F91380064E052 /* NetworkingManager.swift */ = {isa = PBXFileReference; lastKnownFileType = sourcecode.swift; path = NetworkingManager.swift; sourceTree = "<group>"; };
		A6F4384E285F927C0064E052 /* SportsModel.swift */ = {isa = PBXFileReference; lastKnownFileType = sourcecode.swift; path = SportsModel.swift; sourceTree = "<group>"; };
		A6F43851285F992E0064E052 /* ApiService.swift */ = {isa = PBXFileReference; lastKnownFileType = sourcecode.swift; path = ApiService.swift; sourceTree = "<group>"; };
		A6F43853285F99420064E052 /* Urls.swift */ = {isa = PBXFileReference; lastKnownFileType = sourcecode.swift; path = Urls.swift; sourceTree = "<group>"; };
		A6F43856285F9E730064E052 /* JsonDecoder.swift */ = {isa = PBXFileReference; lastKnownFileType = sourcecode.swift; path = JsonDecoder.swift; sourceTree = "<group>"; };
		A6F43861286081400064E052 /* SportsViewModel.swift */ = {isa = PBXFileReference; lastKnownFileType = sourcecode.swift; path = SportsViewModel.swift; sourceTree = "<group>"; };
/* End PBXFileReference section */

/* Begin PBXFrameworksBuildPhase section */
		A6B8727A285F719F0065BC48 /* Frameworks */ = {
			isa = PBXFrameworksBuildPhase;
			buildActionMask = 2147483647;
			files = (
			);
			runOnlyForDeploymentPostprocessing = 0;
		};
/* End PBXFrameworksBuildPhase section */

/* Begin PBXGroup section */
		A6B87274285F719E0065BC48 = {
			isa = PBXGroup;
			children = (
				A6CDBA782860F1B4007E4FB6 /* Image+Ext.swift */,
				A6B8727F285F719F0065BC48 /* The Sports App */,
				A6B8727E285F719F0065BC48 /* Products */,
			);
			sourceTree = "<group>";
		};
		A6B8727E285F719F0065BC48 /* Products */ = {
			isa = PBXGroup;
			children = (
				A6B8727D285F719F0065BC48 /* The Sports App.app */,
			);
			name = Products;
			sourceTree = "<group>";
		};
		A6B8727F285F719F0065BC48 /* The Sports App */ = {
			isa = PBXGroup;
			children = (
				A6B87298285F7CCF0065BC48 /* AppDelegate */,
				A6B87297285F7C580065BC48 /* NetworkingManager */,
				A6F4385A28607D230064E052 /* Scenes */,
				A6F4385F28607EB20064E052 /* Storyboards */,
				A6F43850285F92800064E052 /* Models */,
				A6F4386028607EE20064E052 /* DataBase */,
				A6B8728C285F71A00065BC48 /* Assets.xcassets */,
				A6B87291285F71A00065BC48 /* Info.plist */,
			);
			path = "The Sports App";
			sourceTree = "<group>";
		};
		A6B87297285F7C580065BC48 /* NetworkingManager */ = {
			isa = PBXGroup;
			children = (
				A6F4384A285F91380064E052 /* NetworkingManager.swift */,
				A6F43855285F994E0064E052 /* ApiService */,
			);
			path = NetworkingManager;
			sourceTree = "<group>";
		};
		A6B87298285F7CCF0065BC48 /* AppDelegate */ = {
			isa = PBXGroup;
			children = (
				A6B87280285F719F0065BC48 /* AppDelegate.swift */,
				A6B87282285F719F0065BC48 /* SceneDelegate.swift */,
			);
			path = AppDelegate;
			sourceTree = "<group>";
		};
		A6B8729F285F80F70065BC48 /* CollectionViewCustomCell */ = {
			isa = PBXGroup;
			children = (
				A6B8729B285F80F00065BC48 /* CollectionViewCell.swift */,
				A6B8729C285F80F00065BC48 /* CollectionViewCell.xib */,
			);
			path = CollectionViewCustomCell;
			sourceTree = "<group>";
		};
		A6CDBA6C2860ECF8007E4FB6 /* LeaguesScene */ = {
			isa = PBXGroup;
			children = (
				A6CDBA6D2860ED3C007E4FB6 /* ViewController */,
				A6CDBA6E2860ED58007E4FB6 /* ViewModel */,
				A6CDBA6F2860ED70007E4FB6 /* TableViewCustomCell */,
			);
			path = LeaguesScene;
			sourceTree = "<group>";
		};
		A6CDBA6D2860ED3C007E4FB6 /* ViewController */ = {
			isa = PBXGroup;
			children = (
				A6CDBA702860EDA0007E4FB6 /* LeaguesViewController.swift */,
			);
			path = ViewController;
			sourceTree = "<group>";
		};
		A6CDBA6E2860ED58007E4FB6 /* ViewModel */ = {
			isa = PBXGroup;
			children = (
				A6CDBA7C2860F77F007E4FB6 /* LeaguesViewModel.swift */,
			);
			path = ViewModel;
			sourceTree = "<group>";
		};
		A6CDBA6F2860ED70007E4FB6 /* TableViewCustomCell */ = {
			isa = PBXGroup;
			children = (
				A6CDBA742860EE9F007E4FB6 /* LeaguesTableViewCell.swift */,
				A6CDBA752860EE9F007E4FB6 /* LeaguesTableViewCell.xib */,
			);
			path = TableViewCustomCell;
			sourceTree = "<group>";
		};
		A6CDBA7E28620866007E4FB6 /* LeagueDetailsScene */ = {
			isa = PBXGroup;
			children = (
				A6CDBA7F28620939007E4FB6 /* ViewController */,
				A6CDBA802862094B007E4FB6 /* ViewModel */,
			);
			path = LeagueDetailsScene;
			sourceTree = "<group>";
		};
		A6CDBA7F28620939007E4FB6 /* ViewController */ = {
			isa = PBXGroup;
			children = (
				A6CDBA8728620C6E007E4FB6 /* LeagueDetailsViewController.swift */,
			);
			path = ViewController;
			sourceTree = "<group>";
		};
		A6CDBA802862094B007E4FB6 /* ViewModel */ = {
			isa = PBXGroup;
			children = (
				A6CDBA8528620C43007E4FB6 /* LeagueDetailsViewModel.swift */,
			);
			path = ViewModel;
			sourceTree = "<group>";
		};
		A6F43850285F92800064E052 /* Models */ = {
			isa = PBXGroup;
			children = (
				A6F4384E285F927C0064E052 /* SportsModel.swift */,
				A6CDBA7A2860F76B007E4FB6 /* LeaguesModel.swift */,
			);
			path = Models;
			sourceTree = "<group>";
		};
		A6F43855285F994E0064E052 /* ApiService */ = {
			isa = PBXGroup;
			children = (
				A6F43851285F992E0064E052 /* ApiService.swift */,
				A6F43853285F99420064E052 /* Urls.swift */,
				A6F43856285F9E730064E052 /* JsonDecoder.swift */,
			);
			path = ApiService;
			sourceTree = "<group>";
		};
		A6F4385A28607D230064E052 /* Scenes */ = {
			isa = PBXGroup;
			children = (
				A6F4385B28607D460064E052 /* SportsScene */,
				A6CDBA6C2860ECF8007E4FB6 /* LeaguesScene */,
				A6CDBA7E28620866007E4FB6 /* LeagueDetailsScene */,
			);
			path = Scenes;
			sourceTree = "<group>";
		};
		A6F4385B28607D460064E052 /* SportsScene */ = {
			isa = PBXGroup;
			children = (
				A6F4385C28607D5C0064E052 /* ViewController */,
				A6F4385D28607E130064E052 /* ViewModel */,
				A6B8729F285F80F70065BC48 /* CollectionViewCustomCell */,
			);
			path = SportsScene;
			sourceTree = "<group>";
		};
		A6F4385C28607D5C0064E052 /* ViewController */ = {
			isa = PBXGroup;
			children = (
				A6B87299285F7E8E0065BC48 /* SportsViewController.swift */,
			);
			path = ViewController;
			sourceTree = "<group>";
		};
		A6F4385D28607E130064E052 /* ViewModel */ = {
			isa = PBXGroup;
			children = (
				A6F43861286081400064E052 /* SportsViewModel.swift */,
			);
			path = ViewModel;
			sourceTree = "<group>";
		};
		A6F4385F28607EB20064E052 /* Storyboards */ = {
			isa = PBXGroup;
			children = (
				A6B87286285F719F0065BC48 /* Main.storyboard */,
				A6CDBA722860EDAD007E4FB6 /* Leagues.storyboard */,
				A6CDBA8128620A95007E4FB6 /* LeagueDetails.storyboard */,
				A6B8728E285F71A00065BC48 /* LaunchScreen.storyboard */,
			);
			path = Storyboards;
			sourceTree = "<group>";
		};
		A6F4386028607EE20064E052 /* DataBase */ = {
			isa = PBXGroup;
			children = (
				A6B87289285F719F0065BC48 /* The_Sports_App.xcdatamodeld */,
			);
			path = DataBase;
			sourceTree = "<group>";
		};
/* End PBXGroup section */

/* Begin PBXNativeTarget section */
		A6B8727C285F719F0065BC48 /* The Sports App */ = {
			isa = PBXNativeTarget;
			buildConfigurationList = A6B87294285F71A00065BC48 /* Build configuration list for PBXNativeTarget "The Sports App" */;
			buildPhases = (
				A6B87279285F719F0065BC48 /* Sources */,
				A6B8727A285F719F0065BC48 /* Frameworks */,
				A6B8727B285F719F0065BC48 /* Resources */,
			);
			buildRules = (
			);
			dependencies = (
			);
			name = "The Sports App";
			productName = "The Sports App";
			productReference = A6B8727D285F719F0065BC48 /* The Sports App.app */;
			productType = "com.apple.product-type.application";
		};
/* End PBXNativeTarget section */

/* Begin PBXProject section */
		A6B87275285F719E0065BC48 /* Project object */ = {
			isa = PBXProject;
			attributes = {
				BuildIndependentTargetsInParallel = 1;
				LastSwiftUpdateCheck = 1340;
				LastUpgradeCheck = 1340;
				TargetAttributes = {
					A6B8727C285F719F0065BC48 = {
						CreatedOnToolsVersion = 13.4.1;
					};
				};
			};
			buildConfigurationList = A6B87278285F719E0065BC48 /* Build configuration list for PBXProject "The Sports App" */;
			compatibilityVersion = "Xcode 13.0";
			developmentRegion = en;
			hasScannedForEncodings = 0;
			knownRegions = (
				en,
				Base,
			);
			mainGroup = A6B87274285F719E0065BC48;
			productRefGroup = A6B8727E285F719F0065BC48 /* Products */;
			projectDirPath = "";
			projectRoot = "";
			targets = (
				A6B8727C285F719F0065BC48 /* The Sports App */,
			);
		};
/* End PBXProject section */

/* Begin PBXResourcesBuildPhase section */
		A6B8727B285F719F0065BC48 /* Resources */ = {
			isa = PBXResourcesBuildPhase;
			buildActionMask = 2147483647;
			files = (
				A6B87290285F71A00065BC48 /* LaunchScreen.storyboard in Resources */,
				A6B8728D285F71A00065BC48 /* Assets.xcassets in Resources */,
				A6CDBA732860EDAD007E4FB6 /* Leagues.storyboard in Resources */,
				A6CDBA8228620A95007E4FB6 /* LeagueDetails.storyboard in Resources */,
				A6B8729E285F80F00065BC48 /* CollectionViewCell.xib in Resources */,
				A6CDBA772860EE9F007E4FB6 /* LeaguesTableViewCell.xib in Resources */,
				A6B87288285F719F0065BC48 /* Main.storyboard in Resources */,
			);
			runOnlyForDeploymentPostprocessing = 0;
		};
/* End PBXResourcesBuildPhase section */

/* Begin PBXSourcesBuildPhase section */
		A6B87279285F719F0065BC48 /* Sources */ = {
			isa = PBXSourcesBuildPhase;
			buildActionMask = 2147483647;
			files = (
				A6F43854285F99420064E052 /* Urls.swift in Sources */,
				A6B8729D285F80F00065BC48 /* CollectionViewCell.swift in Sources */,
				A6CDBA8628620C43007E4FB6 /* LeagueDetailsViewModel.swift in Sources */,
				A6B87281285F719F0065BC48 /* AppDelegate.swift in Sources */,
				A6CDBA7D2860F77F007E4FB6 /* LeaguesViewModel.swift in Sources */,
				A6B8729A285F7E8E0065BC48 /* SportsViewController.swift in Sources */,
				A6F4384B285F91380064E052 /* NetworkingManager.swift in Sources */,
				A6CDBA7B2860F76B007E4FB6 /* LeaguesModel.swift in Sources */,
				A6F4384F285F927C0064E052 /* SportsModel.swift in Sources */,
				A6CDBA762860EE9F007E4FB6 /* LeaguesTableViewCell.swift in Sources */,
				A6F43857285F9E730064E052 /* JsonDecoder.swift in Sources */,
				A6B8728B285F719F0065BC48 /* The_Sports_App.xcdatamodeld in Sources */,
				A6F43852285F992E0064E052 /* ApiService.swift in Sources */,
				A6F43862286081400064E052 /* SportsViewModel.swift in Sources */,
				A6CDBA792860F1B4007E4FB6 /* Image+Ext.swift in Sources */,
				A6B87283285F719F0065BC48 /* SceneDelegate.swift in Sources */,
				A6CDBA8828620C6E007E4FB6 /* LeagueDetailsViewController.swift in Sources */,
				A6CDBA712860EDA0007E4FB6 /* LeaguesViewController.swift in Sources */,
			);
			runOnlyForDeploymentPostprocessing = 0;
		};
/* End PBXSourcesBuildPhase section */

/* Begin PBXVariantGroup section */
		A6B87286285F719F0065BC48 /* Main.storyboard */ = {
			isa = PBXVariantGroup;
			children = (
				A6B87287285F719F0065BC48 /* Base */,
			);
			name = Main.storyboard;
			sourceTree = "<group>";
		};
		A6B8728E285F71A00065BC48 /* LaunchScreen.storyboard */ = {
			isa = PBXVariantGroup;
			children = (
				A6B8728F285F71A00065BC48 /* Base */,
			);
			name = LaunchScreen.storyboard;
			sourceTree = "<group>";
		};
/* End PBXVariantGroup section */

/* Begin XCBuildConfiguration section */
		A6B87292285F71A00065BC48 /* Debug */ = {
			isa = XCBuildConfiguration;
			buildSettings = {
				ALWAYS_SEARCH_USER_PATHS = NO;
				CLANG_ANALYZER_NONNULL = YES;
				CLANG_ANALYZER_NUMBER_OBJECT_CONVERSION = YES_AGGRESSIVE;
				CLANG_CXX_LANGUAGE_STANDARD = "gnu++17";
				CLANG_ENABLE_MODULES = YES;
				CLANG_ENABLE_OBJC_ARC = YES;
				CLANG_ENABLE_OBJC_WEAK = YES;
				CLANG_WARN_BLOCK_CAPTURE_AUTORELEASING = YES;
				CLANG_WARN_BOOL_CONVERSION = YES;
				CLANG_WARN_COMMA = YES;
				CLANG_WARN_CONSTANT_CONVERSION = YES;
				CLANG_WARN_DEPRECATED_OBJC_IMPLEMENTATIONS = YES;
				CLANG_WARN_DIRECT_OBJC_ISA_USAGE = YES_ERROR;
				CLANG_WARN_DOCUMENTATION_COMMENTS = YES;
				CLANG_WARN_EMPTY_BODY = YES;
				CLANG_WARN_ENUM_CONVERSION = YES;
				CLANG_WARN_INFINITE_RECURSION = YES;
				CLANG_WARN_INT_CONVERSION = YES;
				CLANG_WARN_NON_LITERAL_NULL_CONVERSION = YES;
				CLANG_WARN_OBJC_IMPLICIT_RETAIN_SELF = YES;
				CLANG_WARN_OBJC_LITERAL_CONVERSION = YES;
				CLANG_WARN_OBJC_ROOT_CLASS = YES_ERROR;
				CLANG_WARN_QUOTED_INCLUDE_IN_FRAMEWORK_HEADER = YES;
				CLANG_WARN_RANGE_LOOP_ANALYSIS = YES;
				CLANG_WARN_STRICT_PROTOTYPES = YES;
				CLANG_WARN_SUSPICIOUS_MOVE = YES;
				CLANG_WARN_UNGUARDED_AVAILABILITY = YES_AGGRESSIVE;
				CLANG_WARN_UNREACHABLE_CODE = YES;
				CLANG_WARN__DUPLICATE_METHOD_MATCH = YES;
				COPY_PHASE_STRIP = NO;
				DEBUG_INFORMATION_FORMAT = dwarf;
				ENABLE_STRICT_OBJC_MSGSEND = YES;
				ENABLE_TESTABILITY = YES;
				GCC_C_LANGUAGE_STANDARD = gnu11;
				GCC_DYNAMIC_NO_PIC = NO;
				GCC_NO_COMMON_BLOCKS = YES;
				GCC_OPTIMIZATION_LEVEL = 0;
				GCC_PREPROCESSOR_DEFINITIONS = (
					"DEBUG=1",
					"$(inherited)",
				);
				GCC_WARN_64_TO_32_BIT_CONVERSION = YES;
				GCC_WARN_ABOUT_RETURN_TYPE = YES_ERROR;
				GCC_WARN_UNDECLARED_SELECTOR = YES;
				GCC_WARN_UNINITIALIZED_AUTOS = YES_AGGRESSIVE;
				GCC_WARN_UNUSED_FUNCTION = YES;
				GCC_WARN_UNUSED_VARIABLE = YES;
				IPHONEOS_DEPLOYMENT_TARGET = 15.5;
				MTL_ENABLE_DEBUG_INFO = INCLUDE_SOURCE;
				MTL_FAST_MATH = YES;
				ONLY_ACTIVE_ARCH = YES;
				SDKROOT = iphoneos;
				SWIFT_ACTIVE_COMPILATION_CONDITIONS = DEBUG;
				SWIFT_OPTIMIZATION_LEVEL = "-Onone";
			};
			name = Debug;
		};
		A6B87293285F71A00065BC48 /* Release */ = {
			isa = XCBuildConfiguration;
			buildSettings = {
				ALWAYS_SEARCH_USER_PATHS = NO;
				CLANG_ANALYZER_NONNULL = YES;
				CLANG_ANALYZER_NUMBER_OBJECT_CONVERSION = YES_AGGRESSIVE;
				CLANG_CXX_LANGUAGE_STANDARD = "gnu++17";
				CLANG_ENABLE_MODULES = YES;
				CLANG_ENABLE_OBJC_ARC = YES;
				CLANG_ENABLE_OBJC_WEAK = YES;
				CLANG_WARN_BLOCK_CAPTURE_AUTORELEASING = YES;
				CLANG_WARN_BOOL_CONVERSION = YES;
				CLANG_WARN_COMMA = YES;
				CLANG_WARN_CONSTANT_CONVERSION = YES;
				CLANG_WARN_DEPRECATED_OBJC_IMPLEMENTATIONS = YES;
				CLANG_WARN_DIRECT_OBJC_ISA_USAGE = YES_ERROR;
				CLANG_WARN_DOCUMENTATION_COMMENTS = YES;
				CLANG_WARN_EMPTY_BODY = YES;
				CLANG_WARN_ENUM_CONVERSION = YES;
				CLANG_WARN_INFINITE_RECURSION = YES;
				CLANG_WARN_INT_CONVERSION = YES;
				CLANG_WARN_NON_LITERAL_NULL_CONVERSION = YES;
				CLANG_WARN_OBJC_IMPLICIT_RETAIN_SELF = YES;
				CLANG_WARN_OBJC_LITERAL_CONVERSION = YES;
				CLANG_WARN_OBJC_ROOT_CLASS = YES_ERROR;
				CLANG_WARN_QUOTED_INCLUDE_IN_FRAMEWORK_HEADER = YES;
				CLANG_WARN_RANGE_LOOP_ANALYSIS = YES;
				CLANG_WARN_STRICT_PROTOTYPES = YES;
				CLANG_WARN_SUSPICIOUS_MOVE = YES;
				CLANG_WARN_UNGUARDED_AVAILABILITY = YES_AGGRESSIVE;
				CLANG_WARN_UNREACHABLE_CODE = YES;
				CLANG_WARN__DUPLICATE_METHOD_MATCH = YES;
				COPY_PHASE_STRIP = NO;
				DEBUG_INFORMATION_FORMAT = "dwarf-with-dsym";
				ENABLE_NS_ASSERTIONS = NO;
				ENABLE_STRICT_OBJC_MSGSEND = YES;
				GCC_C_LANGUAGE_STANDARD = gnu11;
				GCC_NO_COMMON_BLOCKS = YES;
				GCC_WARN_64_TO_32_BIT_CONVERSION = YES;
				GCC_WARN_ABOUT_RETURN_TYPE = YES_ERROR;
				GCC_WARN_UNDECLARED_SELECTOR = YES;
				GCC_WARN_UNINITIALIZED_AUTOS = YES_AGGRESSIVE;
				GCC_WARN_UNUSED_FUNCTION = YES;
				GCC_WARN_UNUSED_VARIABLE = YES;
				IPHONEOS_DEPLOYMENT_TARGET = 15.5;
				MTL_ENABLE_DEBUG_INFO = NO;
				MTL_FAST_MATH = YES;
				SDKROOT = iphoneos;
				SWIFT_COMPILATION_MODE = wholemodule;
				SWIFT_OPTIMIZATION_LEVEL = "-O";
				VALIDATE_PRODUCT = YES;
			};
			name = Release;
		};
		A6B87295285F71A00065BC48 /* Debug */ = {
			isa = XCBuildConfiguration;
			buildSettings = {
				ASSETCATALOG_COMPILER_APPICON_NAME = AppIcon;
				ASSETCATALOG_COMPILER_GLOBAL_ACCENT_COLOR_NAME = AccentColor;
				CODE_SIGN_STYLE = Automatic;
				CURRENT_PROJECT_VERSION = 1;
				DEVELOPMENT_TEAM = HK3DJJFRK7;
				GENERATE_INFOPLIST_FILE = YES;
				INFOPLIST_FILE = "The Sports App/Info.plist";
				INFOPLIST_KEY_UIApplicationSupportsIndirectInputEvents = YES;
				INFOPLIST_KEY_UILaunchStoryboardName = LaunchScreen;
				INFOPLIST_KEY_UIMainStoryboardFile = Main;
				INFOPLIST_KEY_UISupportedInterfaceOrientations_iPad = "UIInterfaceOrientationPortrait UIInterfaceOrientationPortraitUpsideDown UIInterfaceOrientationLandscapeLeft UIInterfaceOrientationLandscapeRight";
				INFOPLIST_KEY_UISupportedInterfaceOrientations_iPhone = "UIInterfaceOrientationPortrait UIInterfaceOrientationLandscapeLeft UIInterfaceOrientationLandscapeRight";
				IPHONEOS_DEPLOYMENT_TARGET = 15.4;
				LD_RUNPATH_SEARCH_PATHS = (
					"$(inherited)",
					"@executable_path/Frameworks",
				);
				MARKETING_VERSION = 1.0;
				PRODUCT_BUNDLE_IDENTIFIER = "mostafa.The-Sports-App";
				PRODUCT_NAME = "$(TARGET_NAME)";
				SWIFT_EMIT_LOC_STRINGS = YES;
				SWIFT_VERSION = 5.0;
				TARGETED_DEVICE_FAMILY = "1,2";
			};
			name = Debug;
		};
		A6B87296285F71A00065BC48 /* Release */ = {
			isa = XCBuildConfiguration;
			buildSettings = {
				ASSETCATALOG_COMPILER_APPICON_NAME = AppIcon;
				ASSETCATALOG_COMPILER_GLOBAL_ACCENT_COLOR_NAME = AccentColor;
				CODE_SIGN_STYLE = Automatic;
				CURRENT_PROJECT_VERSION = 1;
				DEVELOPMENT_TEAM = HK3DJJFRK7;
				GENERATE_INFOPLIST_FILE = YES;
				INFOPLIST_FILE = "The Sports App/Info.plist";
				INFOPLIST_KEY_UIApplicationSupportsIndirectInputEvents = YES;
				INFOPLIST_KEY_UILaunchStoryboardName = LaunchScreen;
				INFOPLIST_KEY_UIMainStoryboardFile = Main;
				INFOPLIST_KEY_UISupportedInterfaceOrientations_iPad = "UIInterfaceOrientationPortrait UIInterfaceOrientationPortraitUpsideDown UIInterfaceOrientationLandscapeLeft UIInterfaceOrientationLandscapeRight";
				INFOPLIST_KEY_UISupportedInterfaceOrientations_iPhone = "UIInterfaceOrientationPortrait UIInterfaceOrientationLandscapeLeft UIInterfaceOrientationLandscapeRight";
				IPHONEOS_DEPLOYMENT_TARGET = 15.4;
				LD_RUNPATH_SEARCH_PATHS = (
					"$(inherited)",
					"@executable_path/Frameworks",
				);
				MARKETING_VERSION = 1.0;
				PRODUCT_BUNDLE_IDENTIFIER = "mostafa.The-Sports-App";
				PRODUCT_NAME = "$(TARGET_NAME)";
				SWIFT_EMIT_LOC_STRINGS = YES;
				SWIFT_VERSION = 5.0;
				TARGETED_DEVICE_FAMILY = "1,2";
			};
			name = Release;
		};
/* End XCBuildConfiguration section */

/* Begin XCConfigurationList section */
		A6B87278285F719E0065BC48 /* Build configuration list for PBXProject "The Sports App" */ = {
			isa = XCConfigurationList;
			buildConfigurations = (
				A6B87292285F71A00065BC48 /* Debug */,
				A6B87293285F71A00065BC48 /* Release */,
			);
			defaultConfigurationIsVisible = 0;
			defaultConfigurationName = Release;
		};
		A6B87294285F71A00065BC48 /* Build configuration list for PBXNativeTarget "The Sports App" */ = {
			isa = XCConfigurationList;
			buildConfigurations = (
				A6B87295285F71A00065BC48 /* Debug */,
				A6B87296285F71A00065BC48 /* Release */,
			);
			defaultConfigurationIsVisible = 0;
			defaultConfigurationName = Release;
		};
/* End XCConfigurationList section */

/* Begin XCVersionGroup section */
		A6B87289285F719F0065BC48 /* The_Sports_App.xcdatamodeld */ = {
			isa = XCVersionGroup;
			children = (
				A6B8728A285F719F0065BC48 /* The_Sports_App.xcdatamodel */,
			);
			currentVersion = A6B8728A285F719F0065BC48 /* The_Sports_App.xcdatamodel */;
			path = The_Sports_App.xcdatamodeld;
			sourceTree = "<group>";
			versionGroupType = wrapper.xcdatamodel;
		};
/* End XCVersionGroup section */
	};
	rootObject = A6B87275285F719E0065BC48 /* Project object */;
}
